
Microsoft Visual Studio Solution File, Format Version 12.00
# Visual Studio Version 17
VisualStudioVersion = 17.4.33205.214
MinimumVisualStudioVersion = 10.0.40219.1
Project("{9A19103F-16F7-4668-BE54-9A1E7A4F7556}") = "BookReservationAPI", "BookReservationAPI\BookReservationAPI.csproj", "{480513BA-D4B3-4F5E-A50D-93E349A1C4C0}"
EndProject
Project("{9A19103F-16F7-4668-BE54-9A1E7A4F7556}") = "BookReservationAPI.Tests", "BookReservationAPI.Tests\BookReservationAPI.Tests.csproj", "{CF57684E-B116-4839-BD16-0020078F649C}"
EndProject
Project("{54A90642-561A-4BB1-A94E-469ADEE60C69}") = "BookReservationApp", "BookReservationApp\BookReservationApp.esproj", "{BA481FFD-333C-43F3-A639-02DE875D58DD}"
EndProject
Global
	GlobalSection(SolutionConfigurationPlatforms) = preSolution
		Debug|Any CPU = Debug|Any CPU
		Release|Any CPU = Release|Any CPU
	EndGlobalSection
	GlobalSection(ProjectConfigurationPlatforms) = postSolution
		{480513BA-D4B3-4F5E-A50D-93E349A1C4C0}.Debug|Any CPU.ActiveCfg = Debug|Any CPU
		{480513BA-D4B3-4F5E-A50D-93E349A1C4C0}.Debug|Any CPU.Build.0 = Debug|Any CPU
		{480513BA-D4B3-4F5E-A50D-93E349A1C4C0}.Release|Any CPU.ActiveCfg = Release|Any CPU
		{480513BA-D4B3-4F5E-A50D-93E349A1C4C0}.Release|Any CPU.Build.0 = Release|Any CPU
		{CF57684E-B116-4839-BD16-0020078F649C}.Debug|Any CPU.ActiveCfg = Debug|Any CPU
		{CF57684E-B116-4839-BD16-0020078F649C}.Debug|Any CPU.Build.0 = Debug|Any CPU
		{CF57684E-B116-4839-BD16-0020078F649C}.Release|Any CPU.ActiveCfg = Release|Any CPU
		{CF57684E-B116-4839-BD16-0020078F649C}.Release|Any CPU.Build.0 = Release|Any CPU
		{BA481FFD-333C-43F3-A639-02DE875D58DD}.Debug|Any CPU.ActiveCfg = Debug|Any CPU
		{BA481FFD-333C-43F3-A639-02DE875D58DD}.Debug|Any CPU.Build.0 = Debug|Any CPU
		{BA481FFD-333C-43F3-A639-02DE875D58DD}.Debug|Any CPU.Deploy.0 = Debug|Any CPU
		{BA481FFD-333C-43F3-A639-02DE875D58DD}.Release|Any CPU.ActiveCfg = Release|Any CPU
		{BA481FFD-333C-43F3-A639-02DE875D58DD}.Release|Any CPU.Build.0 = Release|Any CPU
		{BA481FFD-333C-43F3-A639-02DE875D58DD}.Release|Any CPU.Deploy.0 = Release|Any CPU
	EndGlobalSection
	GlobalSection(SolutionProperties) = preSolution
		HideSolutionNode = FALSE
	EndGlobalSection
	GlobalSection(ExtensibilityGlobals) = postSolution
		SolutionGuid = {B77C2E64-89C6-4556-91DC-DE9E56A659E8}
	EndGlobalSection
EndGlobal
